
Microsoft Visual Studio Solution File, Format Version 12.00
# Visual Studio 15
VisualStudioVersion = 15.0.27130.2024
MinimumVisualStudioVersion = 10.0.40219.1
Project("{2150E333-8FDC-42A3-9474-1A3956D46DE8}") = "04-配置管理", "04-配置管理", "{3790A500-0E28-40F7-B2C8-05D18DF381F0}"
EndProject
Project("{2150E333-8FDC-42A3-9474-1A3956D46DE8}") = "03-公共帮助", "03-公共帮助", "{36990604-E5B2-403F-B0CB-FFC5159F1DDF}"
EndProject
Project("{2150E333-8FDC-42A3-9474-1A3956D46DE8}") = "01-应用程序", "01-应用程序", "{035B3964-D825-4A12-9537-A5F1B5CDF1E0}"
EndProject
Project("{2150E333-8FDC-42A3-9474-1A3956D46DE8}") = "02-应用服务", "02-应用服务", "{91130CB5-F6E8-4CBE-A700-5098098FD23B}"
EndProject
Project("{9A19103F-16F7-4668-BE54-9A1E7A4F7556}") = "FytErp.Web", "FytErp.Web\FytErp.Web.csproj", "{3FD9CFF2-7E4D-460F-A6F2-639811AF8F5D}"
EndProject
Project("{9A19103F-16F7-4668-BE54-9A1E7A4F7556}") = "Core.Extensions", "Core.Extensions\Core.Extensions.csproj", "{46974B69-16B4-4042-B14D-2410A680DEB0}"
EndProject
Project("{FAE04EC0-301F-11D3-BF4B-00C04F79EFBC}") = "FytErp.Services", "FytErp.Services\FytErp.Services.csproj", "{FF6BCA1B-6B4E-4C98-9B83-883EA83BA170}"
EndProject
Project("{FAE04EC0-301F-11D3-BF4B-00C04F79EFBC}") = "FytErp.Core", "FytErp.Core\FytErp.Core.csproj", "{5F106E52-497C-43B5-A9B5-B5811F4CA793}"
EndProject
Global
	GlobalSection(SolutionConfigurationPlatforms) = preSolution
		Debug|Any CPU = Debug|Any CPU
		Release|Any CPU = Release|Any CPU
	EndGlobalSection
	GlobalSection(ProjectConfigurationPlatforms) = postSolution
		{3FD9CFF2-7E4D-460F-A6F2-639811AF8F5D}.Debug|Any CPU.ActiveCfg = Debug|Any CPU
		{3FD9CFF2-7E4D-460F-A6F2-639811AF8F5D}.Debug|Any CPU.Build.0 = Debug|Any CPU
		{3FD9CFF2-7E4D-460F-A6F2-639811AF8F5D}.Release|Any CPU.ActiveCfg = Release|Any CPU
		{3FD9CFF2-7E4D-460F-A6F2-639811AF8F5D}.Release|Any CPU.Build.0 = Release|Any CPU
		{46974B69-16B4-4042-B14D-2410A680DEB0}.Debug|Any CPU.ActiveCfg = Debug|Any CPU
		{46974B69-16B4-4042-B14D-2410A680DEB0}.Debug|Any CPU.Build.0 = Debug|Any CPU
		{46974B69-16B4-4042-B14D-2410A680DEB0}.Release|Any CPU.ActiveCfg = Release|Any CPU
		{46974B69-16B4-4042-B14D-2410A680DEB0}.Release|Any CPU.Build.0 = Release|Any CPU
		{FF6BCA1B-6B4E-4C98-9B83-883EA83BA170}.Debug|Any CPU.ActiveCfg = Debug|Any CPU
		{FF6BCA1B-6B4E-4C98-9B83-883EA83BA170}.Debug|Any CPU.Build.0 = Debug|Any CPU
		{FF6BCA1B-6B4E-4C98-9B83-883EA83BA170}.Release|Any CPU.ActiveCfg = Release|Any CPU
		{FF6BCA1B-6B4E-4C98-9B83-883EA83BA170}.Release|Any CPU.Build.0 = Release|Any CPU
		{5F106E52-497C-43B5-A9B5-B5811F4CA793}.Debug|Any CPU.ActiveCfg = Debug|Any CPU
		{5F106E52-497C-43B5-A9B5-B5811F4CA793}.Debug|Any CPU.Build.0 = Debug|Any CPU
		{5F106E52-497C-43B5-A9B5-B5811F4CA793}.Release|Any CPU.ActiveCfg = Release|Any CPU
		{5F106E52-497C-43B5-A9B5-B5811F4CA793}.Release|Any CPU.Build.0 = Release|Any CPU
	EndGlobalSection
	GlobalSection(SolutionProperties) = preSolution
		HideSolutionNode = FALSE
	EndGlobalSection
	GlobalSection(NestedProjects) = preSolution
		{3FD9CFF2-7E4D-460F-A6F2-639811AF8F5D} = {035B3964-D825-4A12-9537-A5F1B5CDF1E0}
		{46974B69-16B4-4042-B14D-2410A680DEB0} = {3790A500-0E28-40F7-B2C8-05D18DF381F0}
		{FF6BCA1B-6B4E-4C98-9B83-883EA83BA170} = {91130CB5-F6E8-4CBE-A700-5098098FD23B}
		{5F106E52-497C-43B5-A9B5-B5811F4CA793} = {91130CB5-F6E8-4CBE-A700-5098098FD23B}
	EndGlobalSection
	GlobalSection(ExtensibilityGlobals) = postSolution
		SolutionGuid = {50FF3258-02EE-476E-BF82-A5759A27B275}
	EndGlobalSection
EndGlobal
